PODS:
  - Alamofire (5.4.3)
  - AppAuth (1.5.0):
    - AppAuth/Core (= 1.5.0)
    - AppAuth/ExternalUserAgent (= 1.5.0)
  - AppAuth/Core (1.5.0)
  - AppAuth/ExternalUserAgent (1.5.0):
    - AppAuth/Core
  - FirebaseCore (9.3.0):
    - FirebaseCoreDiagnostics (~> 9.0)
    - FirebaseCoreInternal (~> 9.0)
    - GoogleUtilities/Environment (~> 7.7)
    - GoogleUtilities/Logger (~> 7.7)
  - FirebaseCoreDiagnostics (9.3.0):
    - GoogleDataTransport (< 10.0.0, >= 9.1.4)
    - GoogleUtilities/Environment (~> 7.7)
    - GoogleUtilities/Logger (~> 7.7)
    - nanopb (< 2.30910.0, >= 2.30908.0)
  - FirebaseCoreInternal (9.3.0):
    - "GoogleUtilities/NSData+zlib (~> 7.7)"
  - FirebaseInstallations (9.3.0):
    - FirebaseCore (~> 9.0)
    - GoogleUtilities/Environment (~> 7.7)
    - GoogleUtilities/UserDefaults (~> 7.7)
    - PromisesObjC (~> 2.1)
  - FirebaseMessaging (9.3.0):
    - FirebaseCore (~> 9.0)
    - FirebaseInstallations (~> 9.0)
    - GoogleDataTransport (< 10.0.0, >= 9.1.4)
    - GoogleUtilities/AppDelegateSwizzler (~> 7.7)
    - GoogleUtilities/Environment (~> 7.7)
    - GoogleUtilities/Reachability (~> 7.7)
    - GoogleUtilities/UserDefaults (~> 7.7)
    - nanopb (< 2.30910.0, >= 2.30908.0)
  - GoogleDataTransport (9.1.4):
    - GoogleUtilities/Environment (~> 7.7)
    - nanopb (< 2.30910.0, >= 2.30908.0)
    - PromisesObjC (< 3.0, >= 1.2)
  - GoogleSignIn (6.2.1):
    - AppAuth (~> 1.5)
    - GTMAppAuth (~> 1.3)
    - GTMSessionFetcher/Core (~> 1.1)
  - GoogleSignInSwiftSupport (6.2.1):
    - GoogleSignIn (~> 6.2)
  - GoogleUtilities/AppDelegateSwizzler (7.7.0):
    - GoogleUtilities/Environment
    - GoogleUtilities/Logger
    - GoogleUtilities/Network
  - GoogleUtilities/Environment (7.7.0):
    - PromisesObjC (< 3.0, >= 1.2)
  - GoogleUtilities/Logger (7.7.0):
    - GoogleUtilities/Environment
  - GoogleUtilities/Network (7.7.0):
    - GoogleUtilities/Logger
    - "GoogleUtilities/NSData+zlib"
    - GoogleUtilities/Reachability
  - "GoogleUtilities/NSData+zlib (7.7.0)"
  - GoogleUtilities/Reachability (7.7.0):
    - GoogleUtilities/Logger
  - GoogleUtilities/UserDefaults (7.7.0):
    - GoogleUtilities/Logger
  - GTMAppAuth (1.3.0):
    - AppAuth/Core (~> 1.4)
    - GTMSessionFetcher/Core (~> 1.5)
  - GTMSessionFetcher/Core (1.7.0)
  - KakaoSDKAuth (2.9.1):
    - KakaoSDKCommon (= 2.9.1)
  - KakaoSDKCommon (2.9.1):
    - KakaoSDKCommon/Common (= 2.9.1)
    - KakaoSDKCommon/Network (= 2.9.1)
  - KakaoSDKCommon/Common (2.9.1)
  - KakaoSDKCommon/Network (2.9.1):
    - Alamofire (~> 5.1)
    - KakaoSDKCommon/Common (= 2.9.1)
  - KakaoSDKUser (2.9.1):
    - KakaoSDKAuth (= 2.9.1)
  - Kingfisher (7.3.0)
  - nanopb (2.30909.0):
    - nanopb/decode (= 2.30909.0)
    - nanopb/encode (= 2.30909.0)
  - nanopb/decode (2.30909.0)
  - nanopb/encode (2.30909.0)
  - PromisesObjC (2.1.1)
  - SwiftyJSON (5.0.1)

DEPENDENCIES:
  - Alamofire
  - FirebaseMessaging
  - GoogleSignIn (= 6.2.1)
  - GoogleSignInSwiftSupport
  - KakaoSDKAuth
  - KakaoSDKUser
  - Kingfisher (~> 7.0)
  - SwiftyJSON

SPEC REPOS:
  trunk:
    - Alamofire
    - AppAuth
    - FirebaseCore
    - FirebaseCoreDiagnostics
    - FirebaseCoreInternal
    - FirebaseInstallations
    - FirebaseMessaging
    - GoogleDataTransport
    - GoogleSignIn
    - GoogleSignInSwiftSupport
    - GoogleUtilities
    - GTMAppAuth
    - GTMSessionFetcher
    - KakaoSDKAuth
    - KakaoSDKCommon
    - KakaoSDKUser
    - Kingfisher
    - nanopb
    - PromisesObjC
    - SwiftyJSON

SPEC CHECKSUMS:
  Alamofire: e447a2774a40c996748296fa2c55112fdbbc42f9
  AppAuth: 80317d99ac7ff2801a2f18ff86b48cd315ed465d
  FirebaseCore: c088995ece701a021a48a1348ea0174877de2a6a
  FirebaseCoreDiagnostics: 060eb57cc56dfaf40b1b1b5874a5c17c41ce79f8
  FirebaseCoreInternal: 635d1c9a612a6502b6377a0c92af83758076ffff
  FirebaseInstallations: 54b40022cb06e462740c9f2b9fbe38b5e78a825a
  FirebaseMessaging: 2f6e38b6133059eb796ec224104f09379298a8c3
  GoogleDataTransport: 5fffe35792f8b96ec8d6775f5eccd83c998d5a3b
  GoogleSignIn: 9c69f4188921d8f789816e4c99ba2a1f5f868ddc
  GoogleSignInSwiftSupport: 5e099a5b431dfcf55a446eacd3d78d2a20d67ddb
  GoogleUtilities: e0913149f6b0625b553d70dae12b49fc62914fd1
  GTMAppAuth: 4d8f864896f3646f0c33baf38a28362f4c601e15
  GTMSessionFetcher: 43748f93435c2aa068b1cbe39655aaf600652e91
  KakaoSDKAuth: 8ec514e64f57f405735e92483fdae1cc2830d351
  KakaoSDKCommon: c4b08131fdba6770a280ffe83916048174f329bf
  KakaoSDKUser: 3b82c8f4b7bdd8584b296cf91d1be4b4a84102fb
  Kingfisher: cdb1189a9223b1bc028816bd47c8b8101a58831c
  nanopb: b552cce312b6c8484180ef47159bc0f65a1f0431
  PromisesObjC: ab77feca74fa2823e7af4249b8326368e61014cb
  SwiftyJSON: 2f33a42c6fbc52764d96f13368585094bfd8aa5e

PODFILE CHECKSUM: 582060da1d53687ceefda1fef22d088cc63886b4

COCOAPODS: 1.11.2
